<?xml version="1.0" encoding="utf-8"?>
<Project ToolsVersion="4.0" xmlns="http://schemas.microsoft.com/developer/msbuild/2003">
  <ItemGroup>
    <Filter Include="源文件">
      <UniqueIdentifier>{4FC737F1-C7A5-4376-A066-2A32D752A2FF}</UniqueIdentifier>
      <Extensions>cpp;c;cc;cxx;def;odl;idl;hpj;bat;asm;asmx</Extensions>
    </Filter>
    <Filter Include="头文件">
      <UniqueIdentifier>{93995380-89BD-4b04-88EB-625FBE52EBFB}</UniqueIdentifier>
      <Extensions>h;hh;hpp;hxx;hm;inl;inc;ipp;xsd</Extensions>
    </Filter>
    <Filter Include="资源文件">
      <UniqueIdentifier>{67DA6AB6-F800-4c08-8B7A-83BB121AAD01}</UniqueIdentifier>
      <Extensions>rc;ico;cur;bmp;dlg;rc2;rct;bin;rgs;gif;jpg;jpeg;jpe;resx;tiff;tif;png;wav;mfcribbon-ms</Extensions>
    </Filter>
    <Filter Include="头文件\Public">
      <UniqueIdentifier>{c7d96580-bcdc-4962-b5a1-069c609fa287}</UniqueIdentifier>
    </Filter>
    <Filter Include="源文件\glad">
      <UniqueIdentifier>{2717273f-1972-44e3-bb2a-2c7de5fb1cba}</UniqueIdentifier>
    </Filter>
    <Filter Include="源文件\Public">
      <UniqueIdentifier>{8f8cc1e5-e663-4e09-aaa0-ce09902e253d}</UniqueIdentifier>
    </Filter>
    <Filter Include="资源文件\phone">
      <UniqueIdentifier>{c417395a-b24a-4526-8d69-6e3a3d4a43fc}</UniqueIdentifier>
    </Filter>
    <Filter Include="资源文件\lightSource">
      <UniqueIdentifier>{51a05fef-9b16-49ea-9422-c5f1a810f811}</UniqueIdentifier>
    </Filter>
    <Filter Include="资源文件\blinn-phone">
      <UniqueIdentifier>{af5d0ce3-25d0-4303-8ad5-1db1d8513795}</UniqueIdentifier>
    </Filter>
  </ItemGroup>
  <ItemGroup>
    <ClInclude Include="..\include\Camera.h">
      <Filter>头文件\Public</Filter>
    </ClInclude>
    <ClInclude Include="..\include\GLExceptions.h">
      <Filter>头文件\Public</Filter>
    </ClInclude>
    <ClInclude Include="..\include\ImgLoader.h">
      <Filter>头文件\Public</Filter>
    </ClInclude>
    <ClInclude Include="..\include\Mesh.h">
      <Filter>头文件\Public</Filter>
    </ClInclude>
    <ClInclude Include="..\include\Model.h">
      <Filter>头文件\Public</Filter>
    </ClInclude>
    <ClInclude Include="..\include\Shader.h">
      <Filter>头文件\Public</Filter>
    </ClInclude>
    <ClInclude Include="..\include\stb_image.h">
      <Filter>头文件\Public</Filter>
    </ClInclude>
    <ClInclude Include="..\include\utils.h">
      <Filter>头文件\Public</Filter>
    </ClInclude>
  </ItemGroup>
  <ItemGroup>
    <ClCompile Include="..\openglDependences\Src\glad.c">
      <Filter>源文件\glad</Filter>
    </ClCompile>
    <ClCompile Include="..\src\ImgLoader.cpp">
      <Filter>源文件\Public</Filter>
    </ClCompile>
    <ClCompile Include="..\src\Mesh.cpp">
      <Filter>源文件\Public</Filter>
    </ClCompile>
    <ClCompile Include="..\src\Model.cpp">
      <Filter>源文件\Public</Filter>
    </ClCompile>
    <ClCompile Include="..\src\Shader.cpp">
      <Filter>源文件\Public</Filter>
    </ClCompile>
    <ClCompile Include="..\src\stb_image.cpp">
      <Filter>源文件\Public</Filter>
    </ClCompile>
    <ClCompile Include="..\src\utils.cpp">
      <Filter>源文件\Public</Filter>
    </ClCompile>
    <ClCompile Include="main.cpp">
      <Filter>源文件</Filter>
    </ClCompile>
  </ItemGroup>
  <ItemGroup>
    <None Include="..\asset\shader\phone\frag.frag">
      <Filter>资源文件\phone</Filter>
    </None>
    <None Include="..\asset\shader\phone\vert.vert">
      <Filter>资源文件\phone</Filter>
    </None>
    <None Include="..\asset\shader\lightSource\frag.frag">
      <Filter>资源文件\lightSource</Filter>
    </None>
    <None Include="..\asset\shader\lightSource\vert.vert">
      <Filter>资源文件\lightSource</Filter>
    </None>
    <None Include="..\asset\shader\blinn-phone\frag.frag">
      <Filter>资源文件\blinn-phone</Filter>
    </None>
    <None Include="..\asset\shader\blinn-phone\vert.vert">
      <Filter>资源文件\blinn-phone</Filter>
    </None>
  </ItemGroup>
</Project>